
Microsoft Visual Studio Solution File, Format Version 12.00
# Visual Studio Version 16
VisualStudioVersion = 16.0.31402.337
MinimumVisualStudioVersion = 10.0.40219.1
Project("{8BC9CEB8-8B4A-11D0-8D11-00A0C91BC942}") = "task6", "task6\task6.vcxproj", "{FB7A2828-404B-40CB-AA93-F8F8E78DEC47}"
EndProject
Project("{8BC9CEB8-8B4A-11D0-8D11-00A0C91BC942}") = "task5", "task5\task5.vcxproj", "{2E2A4153-B816-4E04-B407-F32EC3D674AA}"
EndProject
Global
	GlobalSection(SolutionConfigurationPlatforms) = preSolution
		Debug|x64 = Debug|x64
		Debug|x86 = Debug|x86
		Release|x64 = Release|x64
		Release|x86 = Release|x86
	EndGlobalSection
	GlobalSection(ProjectConfigurationPlatforms) = postSolution
		{FB7A2828-404B-40CB-AA93-F8F8E78DEC47}.Debug|x64.ActiveCfg = Debug|x64
		{FB7A2828-404B-40CB-AA93-F8F8E78DEC47}.Debug|x64.Build.0 = Debug|x64
		{FB7A2828-404B-40CB-AA93-F8F8E78DEC47}.Debug|x86.ActiveCfg = Debug|Win32
		{FB7A2828-404B-40CB-AA93-F8F8E78DEC47}.Debug|x86.Build.0 = Debug|Win32
		{FB7A2828-404B-40CB-AA93-F8F8E78DEC47}.Release|x64.ActiveCfg = Release|x64
		{FB7A2828-404B-40CB-AA93-F8F8E78DEC47}.Release|x64.Build.0 = Release|x64
		{FB7A2828-404B-40CB-AA93-F8F8E78DEC47}.Release|x86.ActiveCfg = Release|Win32
		{FB7A2828-404B-40CB-AA93-F8F8E78DEC47}.Release|x86.Build.0 = Release|Win32
		{2E2A4153-B816-4E04-B407-F32EC3D674AA}.Debug|x64.ActiveCfg = Debug|x64
		{2E2A4153-B816-4E04-B407-F32EC3D674AA}.Debug|x64.Build.0 = Debug|x64
		{2E2A4153-B816-4E04-B407-F32EC3D674AA}.Debug|x86.ActiveCfg = Debug|Win32
		{2E2A4153-B816-4E04-B407-F32EC3D674AA}.Debug|x86.Build.0 = Debug|Win32
		{2E2A4153-B816-4E04-B407-F32EC3D674AA}.Release|x64.ActiveCfg = Release|x64
		{2E2A4153-B816-4E04-B407-F32EC3D674AA}.Release|x64.Build.0 = Release|x64
		{2E2A4153-B816-4E04-B407-F32EC3D674AA}.Release|x86.ActiveCfg = Release|Win32
		{2E2A4153-B816-4E04-B407-F32EC3D674AA}.Release|x86.Build.0 = Release|Win32
	EndGlobalSection
	GlobalSection(SolutionProperties) = preSolution
		HideSolutionNode = FALSE
	EndGlobalSection
	GlobalSection(ExtensibilityGlobals) = postSolution
		SolutionGuid = {90DED10A-4889-4F41-8B76-B3DBF1DE92B3}
	EndGlobalSection
EndGlobal
